
Microsoft Visual Studio Solution File, Format Version 12.00
# Visual Studio Version 17
VisualStudioVersion = 17.1.32210.238
MinimumVisualStudioVersion = 10.0.40219.1
Project("{FAE04EC0-301F-11D3-BF4B-00C04F79EFBC}") = "taskmaker-wpf", "taskmaker-wpf.csproj", "{687D942A-532B-47BD-8651-959CEC43B6D4}"
EndProject
Global
	GlobalSection(SolutionConfigurationPlatforms) = preSolution
		Debug|Any CPU = Debug|Any CPU
		Debug|x64 = Debug|x64
		Release|Any CPU = Release|Any CPU
		Release|x64 = Release|x64
	EndGlobalSection
	GlobalSection(ProjectConfigurationPlatforms) = postSolution
		{687D942A-532B-47BD-8651-959CEC43B6D4}.Debug|Any CPU.ActiveCfg = Debug|Any CPU
		{687D942A-532B-47BD-8651-959CEC43B6D4}.Debug|Any CPU.Build.0 = Debug|Any CPU
		{687D942A-532B-47BD-8651-959CEC43B6D4}.Debug|x64.ActiveCfg = Debug|x64
		{687D942A-532B-47BD-8651-959CEC43B6D4}.Debug|x64.Build.0 = Debug|x64
		{687D942A-532B-47BD-8651-959CEC43B6D4}.Release|Any CPU.ActiveCfg = Release|Any CPU
		{687D942A-532B-47BD-8651-959CEC43B6D4}.Release|Any CPU.Build.0 = Release|Any CPU
		{687D942A-532B-47BD-8651-959CEC43B6D4}.Release|x64.ActiveCfg = Release|x64
		{687D942A-532B-47BD-8651-959CEC43B6D4}.Release|x64.Build.0 = Release|x64
	EndGlobalSection
	GlobalSection(SolutionProperties) = preSolution
		HideSolutionNode = FALSE
	EndGlobalSection
	GlobalSection(ExtensibilityGlobals) = postSolution
		SolutionGuid = {D62CC6B9-3C34-4CD1-9A57-97D88A51B0E7}
	EndGlobalSection
EndGlobal
